// !$*UTF8*$!
{
	archiveVersion = 1;
	classes = {
	};
	objectVersion = 46;
	objects = {

/* Begin PBXBuildFile section */
		EC5A05071C4E537D0014F11C /* AppDelegate.swift in Sources */ = {isa = PBXBuildFile; fileRef = EC5A05061C4E537D0014F11C /* AppDelegate.swift */; };
		EC5A05091C4E537D0014F11C /* ViewController.swift in Sources */ = {isa = PBXBuildFile; fileRef = EC5A05081C4E537D0014F11C /* ViewController.swift */; };
		EC5A050C1C4E537D0014F11C /* Main.storyboard in Resources */ = {isa = PBXBuildFile; fileRef = EC5A050A1C4E537D0014F11C /* Main.storyboard */; };
		EC5A050E1C4E537D0014F11C /* Assets.xcassets in Resources */ = {isa = PBXBuildFile; fileRef = EC5A050D1C4E537D0014F11C /* Assets.xcassets */; };
		EC5A05111C4E537D0014F11C /* LaunchScreen.storyboard in Resources */ = {isa = PBXBuildFile; fileRef = EC5A050F1C4E537D0014F11C /* LaunchScreen.storyboard */; };
		EC5A05191C4E54B30014F11C /* readme.md in Sources */ = {isa = PBXBuildFile; fileRef = EC5A05181C4E54B30014F11C /* readme.md */; };
/* End PBXBuildFile section */

/* Begin PBXFileReference section */
		2BB1270E1C521FC5003491A9 /* Minecraft.ttf */ = {isa = PBXFileReference; lastKnownFileType = file; path = Minecraft.ttf; sourceTree = "<group>"; };
		EC5A05031C4E537D0014F11C /* medieval-fighting.app */ = {isa = PBXFileReference; explicitFileType = wrapper.application; includeInIndex = 0; path = "medieval-fighting.app"; sourceTree = BUILT_PRODUCTS_DIR; };
		EC5A05061C4E537D0014F11C /* AppDelegate.swift */ = {isa = PBXFileReference; lastKnownFileType = sourcecode.swift; path = AppDelegate.swift; sourceTree = "<group>"; };
		EC5A05081C4E537D0014F11C /* ViewController.swift */ = {isa = PBXFileReference; lastKnownFileType = sourcecode.swift; path = ViewController.swift; sourceTree = "<group>"; };
		EC5A050B1C4E537D0014F11C /* Base */ = {isa = PBXFileReference; lastKnownFileType = file.storyboard; name = Base; path = Base.lproj/Main.storyboard; sourceTree = "<group>"; };
		EC5A050D1C4E537D0014F11C /* Assets.xcassets */ = {isa = PBXFileReference; lastKnownFileType = folder.assetcatalog; path = Assets.xcassets; sourceTree = "<group>"; };
		EC5A05101C4E537D0014F11C /* Base */ = {isa = PBXFileReference; lastKnownFileType = file.storyboard; name = Base; path = Base.lproj/LaunchScreen.storyboard; sourceTree = "<group>"; };
		EC5A05121C4E537D0014F11C /* Info.plist */ = {isa = PBXFileReference; lastKnownFileType = text.plist.xml; path = Info.plist; sourceTree = "<group>"; };
		EC5A05181C4E54B30014F11C /* readme.md */ = {isa = PBXFileReference; fileEncoding = 4; lastKnownFileType = net.daringfireball.markdown; path = readme.md; sourceTree = "<group>"; };
/* End PBXFileReference section */

/* Begin PBXFrameworksBuildPhase section */
		EC5A05001C4E537D0014F11C /* Frameworks */ = {
			isa = PBXFrameworksBuildPhase;
			buildActionMask = 2147483647;
			files = (
			);
			runOnlyForDeploymentPostprocessing = 0;
		};
/* End PBXFrameworksBuildPhase section */

/* Begin PBXGroup section */
		EC5A04FA1C4E537D0014F11C = {
			isa = PBXGroup;
			children = (
				EC5A05051C4E537D0014F11C /* medieval-fighting */,
				EC5A05041C4E537D0014F11C /* Products */,
				EC5A05181C4E54B30014F11C /* readme.md */,
				2BB1270E1C521FC5003491A9 /* Minecraft.ttf */,
			);
			sourceTree = "<group>";
		};
		EC5A05041C4E537D0014F11C /* Products */ = {
			isa = PBXGroup;
			children = (
				EC5A05031C4E537D0014F11C /* medieval-fighting.app */,
			);
			name = Products;
			sourceTree = "<group>";
		};
		EC5A05051C4E537D0014F11C /* medieval-fighting */ = {
			isa = PBXGroup;
			children = (
				EC5A05061C4E537D0014F11C /* AppDelegate.swift */,
				EC5A05081C4E537D0014F11C /* ViewController.swift */,
				EC5A050A1C4E537D0014F11C /* Main.storyboard */,
				EC5A050D1C4E537D0014F11C /* Assets.xcassets */,
				EC5A050F1C4E537D0014F11C /* LaunchScreen.storyboard */,
				EC5A05121C4E537D0014F11C /* Info.plist */,
			);
			path = "medieval-fighting";
			sourceTree = "<group>";
		};
/* End PBXGroup section */

/* Begin PBXNativeTarget section */
		EC5A05021C4E537D0014F11C /* medieval-fighting */ = {
			isa = PBXNativeTarget;
			buildConfigurationList = EC5A05151C4E537D0014F11C /* Build configuration list for PBXNativeTarget "medieval-fighting" */;
			buildPhases = (
				EC5A04FF1C4E537D0014F11C /* Sources */,
				EC5A05001C4E537D0014F11C /* Frameworks */,
				EC5A05011C4E537D0014F11C /* Resources */,
			);
			buildRules = (
			);
			dependencies = (
			);
			name = "medieval-fighting";
			productName = "medieval-fighting";
			productReference = EC5A05031C4E537D0014F11C /* medieval-fighting.app */;
			productType = "com.apple.product-type.application";
		};
/* End PBXNativeTarget section */

/* Begin PBXProject section */
		EC5A04FB1C4E537D0014F11C /* Project object */ = {
			isa = PBXProject;
			attributes = {
				LastSwiftUpdateCheck = 0720;
				LastUpgradeCheck = 0720;
				ORGANIZATIONNAME = Positivecapitalism;
				TargetAttributes = {
					EC5A05021C4E537D0014F11C = {
						CreatedOnToolsVersion = 7.2;
						DevelopmentTeam = 4WM9UX6U5H;
					};
				};
			};
			buildConfigurationList = EC5A04FE1C4E537D0014F11C /* Build configuration list for PBXProject "medieval-fighting" */;
			compatibilityVersion = "Xcode 3.2";
			developmentRegion = English;
			hasScannedForEncodings = 0;
			knownRegions = (
				en,
				Base,
			);
			mainGroup = EC5A04FA1C4E537D0014F11C;
			productRefGroup = EC5A05041C4E537D0014F11C /* Products */;
			projectDirPath = "";
			projectRoot = "";
			targets = (
				EC5A05021C4E537D0014F11C /* medieval-fighting */,
			);
		};
/* End PBXProject section */

/* Begin PBXResourcesBuildPhase section */
		EC5A05011C4E537D0014F11C /* Resources */ = {
			isa = PBXResourcesBuildPhase;
			buildActionMask = 2147483647;
			files = (
				EC5A05111C4E537D0014F11C /* LaunchScreen.storyboard in Resources */,
				EC5A050E1C4E537D0014F11C /* Assets.xcassets in Resources */,
				EC5A050C1C4E537D0014F11C /* Main.storyboard in Resources */,
			);
			runOnlyForDeploymentPostprocessing = 0;
		};
/* End PBXResourcesBuildPhase section */

/* Begin PBXSourcesBuildPhase section */
		EC5A04FF1C4E537D0014F11C /* Sources */ = {
			isa = PBXSourcesBuildPhase;
			buildActionMask = 2147483647;
			files = (
				EC5A05091C4E537D0014F11C /* ViewController.swift in Sources */,
				EC5A05191C4E54B30014F11C /* readme.md in Sources */,
				EC5A05071C4E537D0014F11C /* AppDelegate.swift in Sources */,
			);
			runOnlyForDeploymentPostprocessing = 0;
		};
/* End PBXSourcesBuildPhase section */

/* Begin PBXVariantGroup section */
		EC5A050A1C4E537D0014F11C /* Main.storyboard */ = {
			isa = PBXVariantGroup;
			children = (
				EC5A050B1C4E537D0014F11C /* Base */,
			);
			name = Main.storyboard;
			sourceTree = "<group>";
		};
		EC5A050F1C4E537D0014F11C /* LaunchScreen.storyboard */ = {
			isa = PBXVariantGroup;
			children = (
				EC5A05101C4E537D0014F11C /* Base */,
			);
			name = LaunchScreen.storyboard;
			sourceTree = "<group>";
		};
/* End PBXVariantGroup section */

/* Begin XCBuildConfiguration section */
		EC5A05131C4E537D0014F11C /* Debug */ = {
			isa = XCBuildConfiguration;
			buildSettings = {
				ALWAYS_SEARCH_USER_PATHS = NO;
				CLANG_CXX_LANGUAGE_STANDARD = "gnu++0x";
				CLANG_CXX_LIBRARY = "libc++";
				CLANG_ENABLE_MODULES = YES;
				CLANG_ENABLE_OBJC_ARC = YES;
				CLANG_WARN_BOOL_CONVERSION = YES;
				CLANG_WARN_CONSTANT_CONVERSION = YES;
				CLANG_WARN_DIRECT_OBJC_ISA_USAGE = YES_ERROR;
				CLANG_WARN_EMPTY_BODY = YES;
				CLANG_WARN_ENUM_CONVERSION = YES;
				CLANG_WARN_INT_CONVERSION = YES;
				CLANG_WARN_OBJC_ROOT_CLASS = YES_ERROR;
				CLANG_WARN_UNREACHABLE_CODE = YES;
				CLANG_WARN__DUPLICATE_METHOD_MATCH = YES;
				"CODE_SIGN_IDENTITY[sdk=iphoneos*]" = "iPhone Developer";
				COPY_PHASE_STRIP = NO;
				DEBUG_INFORMATION_FORMAT = dwarf;
				ENABLE_STRICT_OBJC_MSGSEND = YES;
				ENABLE_TESTABILITY = YES;
				GCC_C_LANGUAGE_STANDARD = gnu99;
				GCC_DYNAMIC_NO_PIC = NO;
				GCC_NO_COMMON_BLOCKS = YES;
				GCC_OPTIMIZATION_LEVEL = 0;
				GCC_PREPROCESSOR_DEFINITIONS = (
					"DEBUG=1",
					"$(inherited)",
				);
				GCC_WARN_64_TO_32_BIT_CONVERSION = YES;
				GCC_WARN_ABOUT_RETURN_TYPE = YES_ERROR;
				GCC_WARN_UNDECLARED_SELECTOR = YES;
				GCC_WARN_UNINITIALIZED_AUTOS = YES_AGGRESSIVE;
				GCC_WARN_UNUSED_FUNCTION = YES;
				GCC_WARN_UNUSED_VARIABLE = YES;
				IPHONEOS_DEPLOYMENT_TARGET = 9.2;
				MTL_ENABLE_DEBUG_INFO = YES;
				ONLY_ACTIVE_ARCH = YES;
				SDKROOT = iphoneos;
				SWIFT_OPTIMIZATION_LEVEL = "-Onone";
				TARGETED_DEVICE_FAMILY = "1,2";
			};
			name = Debug;
		};
		EC5A05141C4E537D0014F11C /* Release */ = {
			isa = XCBuildConfiguration;
			buildSettings = {
				ALWAYS_SEARCH_USER_PATHS = NO;
				CLANG_CXX_LANGUAGE_STANDARD = "gnu++0x";
				CLANG_CXX_LIBRARY = "libc++";
				CLANG_ENABLE_MODULES = YES;
				CLANG_ENABLE_OBJC_ARC = YES;
				CLANG_WARN_BOOL_CONVERSION = YES;
				CLANG_WARN_CONSTANT_CONVERSION = YES;
				CLANG_WARN_DIRECT_OBJC_ISA_USAGE = YES_ERROR;
				CLANG_WARN_EMPTY_BODY = YES;
				CLANG_WARN_ENUM_CONVERSION = YES;
				CLANG_WARN_INT_CONVERSION = YES;
				CLANG_WARN_OBJC_ROOT_CLASS = YES_ERROR;
				CLANG_WARN_UNREACHABLE_CODE = YES;
				CLANG_WARN__DUPLICATE_METHOD_MATCH = YES;
				"CODE_SIGN_IDENTITY[sdk=iphoneos*]" = "iPhone Developer";
				COPY_PHASE_STRIP = NO;
				DEBUG_INFORMATION_FORMAT = "dwarf-with-dsym";
				ENABLE_NS_ASSERTIONS = NO;
				ENABLE_STRICT_OBJC_MSGSEND = YES;
				GCC_C_LANGUAGE_STANDARD = gnu99;
				GCC_NO_COMMON_BLOCKS = YES;
				GCC_WARN_64_TO_32_BIT_CONVERSION = YES;
				GCC_WARN_ABOUT_RETURN_TYPE = YES_ERROR;
				GCC_WARN_UNDECLARED_SELECTOR = YES;
				GCC_WARN_UNINITIALIZED_AUTOS = YES_AGGRESSIVE;
				GCC_WARN_UNUSED_FUNCTION = YES;
				GCC_WARN_UNUSED_VARIABLE = YES;
				IPHONEOS_DEPLOYMENT_TARGET = 9.2;
				MTL_ENABLE_DEBUG_INFO = NO;
				SDKROOT = iphoneos;
				TARGETED_DEVICE_FAMILY = "1,2";
				VALIDATE_PRODUCT = YES;
			};
			name = Release;
		};
		EC5A05161C4E537D0014F11C /* Debug */ = {
			isa = XCBuildConfiguration;
			buildSettings = {
				ASSETCATALOG_COMPILER_APPICON_NAME = AppIcon;
				INFOPLIST_FILE = "medieval-fighting/Info.plist";
				LD_RUNPATH_SEARCH_PATHS = "$(inherited) @executable_path/Frameworks";
				PRODUCT_BUNDLE_IDENTIFIER = "com.poscap.medieval-fighting";
				PRODUCT_NAME = "$(TARGET_NAME)";
			};
			name = Debug;
		};
		EC5A05171C4E537D0014F11C /* Release */ = {
			isa = XCBuildConfiguration;
			buildSettings = {
				ASSETCATALOG_COMPILER_APPICON_NAME = AppIcon;
				INFOPLIST_FILE = "medieval-fighting/Info.plist";
				LD_RUNPATH_SEARCH_PATHS = "$(inherited) @executable_path/Frameworks";
				PRODUCT_BUNDLE_IDENTIFIER = "com.poscap.medieval-fighting";
				PRODUCT_NAME = "$(TARGET_NAME)";
			};
			name = Release;
		};
/* End XCBuildConfiguration section */

/* Begin XCConfigurationList section */
		EC5A04FE1C4E537D0014F11C /* Build configuration list for PBXProject "medieval-fighting" */ = {
			isa = XCConfigurationList;
			buildConfigurations = (
				EC5A05131C4E537D0014F11C /* Debug */,
				EC5A05141C4E537D0014F11C /* Release */,
			);
			defaultConfigurationIsVisible = 0;
			defaultConfigurationName = Release;
		};
		EC5A05151C4E537D0014F11C /* Build configuration list for PBXNativeTarget "medieval-fighting" */ = {
			isa = XCConfigurationList;
			buildConfigurations = (
				EC5A05161C4E537D0014F11C /* Debug */,
				EC5A05171C4E537D0014F11C /* Release */,
			);
			defaultConfigurationIsVisible = 0;
			defaultConfigurationName = Release;
		};
/* End XCConfigurationList section */
	};
	rootObject = EC5A04FB1C4E537D0014F11C /* Project object */;
}
